
Microsoft Visual Studio Solution File, Format Version 12.00
# Visual Studio 14
VisualStudioVersion = 14.0.25420.1
MinimumVisualStudioVersion = 10.0.40219.1
Project("{2150E333-8FDC-42A3-9474-1A3956D46DE8}") = "01 kintamieji", "01 kintamieji", "{2ADA7568-70B9-4409-AE45-FA5D46D24817}"
EndProject
Project("{2150E333-8FDC-42A3-9474-1A3956D46DE8}") = "02 isvedimas", "02 isvedimas", "{8AD7F564-0E8C-401C-A576-4A47AED39677}"
EndProject
Project("{2150E333-8FDC-42A3-9474-1A3956D46DE8}") = "03 aritmetiniai veiksmai", "03 aritmetiniai veiksmai", "{88442D37-9304-490A-A9BE-558E91488B12}"
EndProject
Project("{2150E333-8FDC-42A3-9474-1A3956D46DE8}") = "04 ivedimas", "04 ivedimas", "{8B7E706D-CC38-44A4-A622-55CAFC5CB57A}"
EndProject
Project("{FAE04EC0-301F-11D3-BF4B-00C04F79EFBC}") = "1-1 uzduotis", "1-1 uzduotis\1-1 uzduotis.csproj", "{9A7E4075-4D22-4D1C-B6C3-6CF92C6AEA00}"
EndProject
Project("{FAE04EC0-301F-11D3-BF4B-00C04F79EFBC}") = "2-1 uzduotis", "2-1 uzduotis\2-1 uzduotis.csproj", "{ACDE1E13-E4B6-4A0D-B31C-EEEF907B976F}"
EndProject
Project("{FAE04EC0-301F-11D3-BF4B-00C04F79EFBC}") = "2-2 uzduotis", "2-2 uzduotis\2-2 uzduotis.csproj", "{DD88037A-9829-49BD-9388-7214F83741A5}"
EndProject
Project("{FAE04EC0-301F-11D3-BF4B-00C04F79EFBC}") = "2-3 uzduotis", "2-3 uzduotis\2-3 uzduotis.csproj", "{6F073BBF-96E7-42AA-90DC-889604580379}"
EndProject
Project("{FAE04EC0-301F-11D3-BF4B-00C04F79EFBC}") = "2-4 uzduotis", "2-4 uzduotis\2-4 uzduotis.csproj", "{21326163-F94F-4EDD-93C8-38E103716628}"
EndProject
Project("{FAE04EC0-301F-11D3-BF4B-00C04F79EFBC}") = "2-5 uzduotis", "2-5 uzduotis\2-5 uzduotis.csproj", "{6250E8C0-155C-4EE8-863D-5A405AF9E451}"
EndProject
Project("{FAE04EC0-301F-11D3-BF4B-00C04F79EFBC}") = "2-6 uzduotis", "2-6 uzduotis\2-6 uzduotis.csproj", "{8667D5A2-3E1F-4945-98B1-0928B2C3A265}"
EndProject
Project("{FAE04EC0-301F-11D3-BF4B-00C04F79EFBC}") = "3-1 uzduotis", "3-1 uzduotis\3-1 uzduotis.csproj", "{1B018E8F-CA4B-4486-970E-0579F677F7F9}"
EndProject
Project("{FAE04EC0-301F-11D3-BF4B-00C04F79EFBC}") = "3-2 uzduotis", "3-2 uzduotis\3-2 uzduotis.csproj", "{F177E07E-3914-4CB9-B594-EEC04B48E63A}"
EndProject
Project("{FAE04EC0-301F-11D3-BF4B-00C04F79EFBC}") = "3-3 uzduotis", "3-3 uzduotis\3-3 uzduotis.csproj", "{213D6E6B-A021-4A01-A236-BD73158AE0E2}"
EndProject
Project("{FAE04EC0-301F-11D3-BF4B-00C04F79EFBC}") = "3-4 uzduotis", "3-4 uzduotis\3-4 uzduotis.csproj", "{61B4D638-3E4A-42FB-BCAA-A6B3910F86BC}"
EndProject
Project("{FAE04EC0-301F-11D3-BF4B-00C04F79EFBC}") = "3-5 uzduotis", "3-5 uzduotis\3-5 uzduotis.csproj", "{A9CB15D1-3793-40A5-B506-EAB203B27D73}"
EndProject
Project("{FAE04EC0-301F-11D3-BF4B-00C04F79EFBC}") = "3-6 uzduotis", "3-6 uzduotis\3-6 uzduotis.csproj", "{60A78BE3-17CD-4FED-8AD2-136A4474327E}"
EndProject
Project("{FAE04EC0-301F-11D3-BF4B-00C04F79EFBC}") = "4-0 pasibandymas", "4 pasibandymas\4-0 pasibandymas.csproj", "{5392FBFA-16BE-4A7E-BDB0-945090AE3FEA}"
EndProject
Project("{FAE04EC0-301F-11D3-BF4B-00C04F79EFBC}") = "4-1 uzduotis", "4-1 uzduotis\4-1 uzduotis.csproj", "{1E9AE729-0760-48A0-A3E4-724B607A7A4C}"
EndProject
Project("{FAE04EC0-301F-11D3-BF4B-00C04F79EFBC}") = "4-2 uzduotis", "4-2 uzduotis\4-2 uzduotis.csproj", "{5E9E7E5F-80FF-481C-AF14-A42ED3EF9271}"
EndProject
Project("{FAE04EC0-301F-11D3-BF4B-00C04F79EFBC}") = "4-3 uzduotis", "4-3 uzduotis\4-3 uzduotis.csproj", "{C48C8BEE-1E39-41F4-89E5-257EECBD0589}"
EndProject
Project("{FAE04EC0-301F-11D3-BF4B-00C04F79EFBC}") = "4-4 uzduotis", "4-4 uzduotis\4-4 uzduotis.csproj", "{0742EAE3-D632-427C-8369-8DF99B9E70F1}"
EndProject
Project("{FAE04EC0-301F-11D3-BF4B-00C04F79EFBC}") = "4-5 uzduotis", "4-5 uzduotis\4-5 uzduotis.csproj", "{6AEA9B88-0F72-46BA-9A05-CB1BEC0DDDC8}"
EndProject
Project("{FAE04EC0-301F-11D3-BF4B-00C04F79EFBC}") = "4-6 uzduotis", "4-6 uzduotis\4-6 uzduotis.csproj", "{879B4E3B-DBCE-4F31-ACD7-AB9AC1EBA7AB}"
EndProject
Project("{FAE04EC0-301F-11D3-BF4B-00C04F79EFBC}") = "4-7 uzduotis", "4-7 uzduotis\4-7 uzduotis.csproj", "{58BF4235-3B93-44E4-9DD4-7F94E52B9D53}"
EndProject
Project("{2150E333-8FDC-42A3-9474-1A3956D46DE8}") = "05 IF", "05 IF", "{47471509-C7A0-4E25-8F98-B36997258F8A}"
EndProject
Project("{FAE04EC0-301F-11D3-BF4B-00C04F79EFBC}") = "5-1 uzduotis", "5-1 uzduotis\5-1 uzduotis.csproj", "{B1F5791E-B7DD-4853-9B49-0B666F743DAA}"
EndProject
Project("{FAE04EC0-301F-11D3-BF4B-00C04F79EFBC}") = "5-2 uzduotis", "5-2 uzduotis\5-2 uzduotis.csproj", "{49456CDE-8203-488F-8007-794D9573746B}"
EndProject
Project("{FAE04EC0-301F-11D3-BF4B-00C04F79EFBC}") = "5-3 uzduotis", "5-3 uzduotis\5-3 uzduotis.csproj", "{FA8CC54D-968F-43EE-A09A-8038AB3F8F3E}"
EndProject
Project("{FAE04EC0-301F-11D3-BF4B-00C04F79EFBC}") = "5-4 uzduotis", "5-4 uzduotis\5-4 uzduotis.csproj", "{465CC065-030C-4330-ADC2-5C4C1208B7FC}"
EndProject
Project("{2150E333-8FDC-42A3-9474-1A3956D46DE8}") = "06 else IF", "06 else IF", "{FF235190-B648-4EB7-83FB-7184CA9AD678}"
EndProject
Project("{FAE04EC0-301F-11D3-BF4B-00C04F79EFBC}") = "6-2 uzduotis", "6-2 uzduotis\6-2 uzduotis.csproj", "{E6BE5ADD-D337-4AAE-B9B4-1D5565882861}"
EndProject
Project("{FAE04EC0-301F-11D3-BF4B-00C04F79EFBC}") = "6-1 uzduotis", "6-1 uzduotis\6-1 uzduotis.csproj", "{489E17C4-831B-4A40-95E7-839B92A951B1}"
EndProject
Project("{2150E333-8FDC-42A3-9474-1A3956D46DE8}") = "07 else", "07 else", "{1E05E5E5-75EB-4124-9E58-D3E8A5D8A7B9}"
EndProject
Project("{FAE04EC0-301F-11D3-BF4B-00C04F79EFBC}") = "7-1 uzduotis", "7-1 uzduotis\7-1 uzduotis.csproj", "{A1C9EE25-91E2-4D0A-8317-C0DD206A5176}"
EndProject
Project("{FAE04EC0-301F-11D3-BF4B-00C04F79EFBC}") = "7-2 uzduotis", "7-2 uzduotis\7-2 uzduotis.csproj", "{0AF6BC47-6412-4B26-A4BA-66A7EE7FCF18}"
EndProject
Project("{2150E333-8FDC-42A3-9474-1A3956D46DE8}") = "08 and or", "08 and or", "{B3F31F6B-E051-416C-BFFE-BA4349C5CEE7}"
EndProject
Project("{FAE04EC0-301F-11D3-BF4B-00C04F79EFBC}") = "8-1 uzduotis", "8-1 uzduotis\8-1 uzduotis.csproj", "{559DE18B-1191-4424-80F1-551594A71D7D}"
EndProject
Project("{FAE04EC0-301F-11D3-BF4B-00C04F79EFBC}") = "8-2 uzduotis", "8-2 uzduotis\8-2 uzduotis.csproj", "{FF061DA5-8E17-4467-8734-127FE4732D88}"
EndProject
Project("{FAE04EC0-301F-11D3-BF4B-00C04F79EFBC}") = "8-3 uzduotis", "8-3 uzduotis\8-3 uzduotis.csproj", "{F831D95D-02B9-4241-AB8E-6735C6B90BE2}"
EndProject
Project("{FAE04EC0-301F-11D3-BF4B-00C04F79EFBC}") = "8-4 uzduotis", "8-4 uzduotis\8-4 uzduotis.csproj", "{ADE8195D-3C87-4D4F-9F1A-803C050F7163}"
EndProject
Project("{2150E333-8FDC-42A3-9474-1A3956D46DE8}") = "09 swich", "09 swich", "{B38FF11B-4F5E-4634-9A0D-1F052AA99970}"
EndProject
Project("{FAE04EC0-301F-11D3-BF4B-00C04F79EFBC}") = "9-1 uzduotis", "9-1 uzduotis\9-1 uzduotis.csproj", "{32886A4B-B163-4000-B6A4-51EEBF9B0AB5}"
EndProject
Project("{FAE04EC0-301F-11D3-BF4B-00C04F79EFBC}") = "9-2 uzduotis", "9-2 uzduotis\9-2 uzduotis.csproj", "{6DFEC55C-16B5-4509-A594-912640C48E7F}"
EndProject
Project("{FAE04EC0-301F-11D3-BF4B-00C04F79EFBC}") = "9-3 uzduotis", "9-3 uzduotis\9-3 uzduotis.csproj", "{45683655-65C7-4CE1-85C6-436504E9875C}"
EndProject
Project("{FAE04EC0-301F-11D3-BF4B-00C04F79EFBC}") = "9-4 uzduotis", "9-4 uzduotis\9-4 uzduotis.csproj", "{120D982E-34C1-425F-A1AD-F77076892269}"
EndProject
Project("{FAE04EC0-301F-11D3-BF4B-00C04F79EFBC}") = "9 tarpine uzduotis", "9 tarpine uzduotis\9 tarpine uzduotis.csproj", "{A931FFED-6400-4571-A0B3-2AC94A8EFB90}"
EndProject
Project("{FAE04EC0-301F-11D3-BF4B-00C04F79EFBC}") = "9-18 interneto uzduotis", "18 interneto uzduotis\9-18 interneto uzduotis.csproj", "{91E05B04-BC94-4245-B644-93A847689327}"
EndProject
Project("{2150E333-8FDC-42A3-9474-1A3956D46DE8}") = "11 ciklas for", "11 ciklas for", "{CB7F206A-24E6-4F19-87F4-25C346311F37}"
EndProject
Project("{FAE04EC0-301F-11D3-BF4B-00C04F79EFBC}") = "11-0 pvz", "pvz\11-0 pvz.csproj", "{CC789F47-9D8F-4FE3-B01F-F4936EB41B7D}"
EndProject
Project("{FAE04EC0-301F-11D3-BF4B-00C04F79EFBC}") = "11-7 uzduotis", "11-7 uzduotis\11-7 uzduotis.csproj", "{C0D509C1-7BF9-4169-BB9D-7073C10BA673}"
EndProject
Project("{FAE04EC0-301F-11D3-BF4B-00C04F79EFBC}") = "11-8 uzduotis", "11-8 uzduotis\11-8 uzduotis.csproj", "{800A3516-1DBA-43C5-9F5F-048FCA62ABF2}"
EndProject
Project("{FAE04EC0-301F-11D3-BF4B-00C04F79EFBC}") = "11-9 uzduotis", "11-9 uzduotis\11-9 uzduotis.csproj", "{D8EFC065-B28A-4522-BE44-0A781036282E}"
EndProject
Project("{FAE04EC0-301F-11D3-BF4B-00C04F79EFBC}") = "11-10 uzduotis", "11-10 uzduotis\11-10 uzduotis.csproj", "{A3247D32-5897-4D71-8E8C-C2471121CD88}"
EndProject
Project("{FAE04EC0-301F-11D3-BF4B-00C04F79EFBC}") = "11-11 uzduotis", "11-11 uzduotis\11-11 uzduotis.csproj", "{C2840A1D-A185-4835-A190-31AE1B50BA6E}"
EndProject
Project("{FAE04EC0-301F-11D3-BF4B-00C04F79EFBC}") = "11-12 uzduotis", "11-12 uzduotis\11-12 uzduotis.csproj", "{324DBB07-F509-4285-B664-306F4C14C464}"
EndProject
Project("{2150E333-8FDC-42A3-9474-1A3956D46DE8}") = "12 ciklas while", "12 ciklas while", "{88164FF9-530B-444B-8C3F-78F8B4ECCE55}"
EndProject
Project("{FAE04EC0-301F-11D3-BF4B-00C04F79EFBC}") = "12-1 uzduotis", "12-1 uzduotis\12-1 uzduotis.csproj", "{475A14D1-2D73-42E2-A3DC-C5D2D9AA8836}"
EndProject
Project("{FAE04EC0-301F-11D3-BF4B-00C04F79EFBC}") = "12-2 uzduotis", "12-2 uzduotis\12-2 uzduotis.csproj", "{0EC15E70-3EE7-4C4E-B058-8963428B6DBE}"
EndProject
Project("{FAE04EC0-301F-11D3-BF4B-00C04F79EFBC}") = "12-3 uzduotis", "12-3 uzduotis\12-3 uzduotis.csproj", "{9AE609C8-A0C8-49D5-8F73-BFC287E29729}"
EndProject
Project("{FAE04EC0-301F-11D3-BF4B-00C04F79EFBC}") = "12-4 uzduotis", "12-4 uzduotis\12-4 uzduotis.csproj", "{F9E03EEE-BB14-4070-AC7C-C1DE0ACB0A3F}"
EndProject
Project("{FAE04EC0-301F-11D3-BF4B-00C04F79EFBC}") = "12-5 uzduotis", "12-5 uzduotis\12-5 uzduotis.csproj", "{7F1F0ADD-452A-4453-BB57-B4C7DC69D421}"
EndProject
Project("{FAE04EC0-301F-11D3-BF4B-00C04F79EFBC}") = "12-6 uzduotis", "12-6 uzduotis\12-6 uzduotis.csproj", "{A71E7C61-BFC2-4EBE-B775-23ADBB3C28F4}"
EndProject
Project("{FAE04EC0-301F-11D3-BF4B-00C04F79EFBC}") = "12-0 do while bandymas", "do while bandymas\12-0 do while bandymas.csproj", "{E43EAA1E-29DB-4EC1-A6F3-AA466E0F23C0}"
EndProject
Project("{FAE04EC0-301F-11D3-BF4B-00C04F79EFBC}") = "12-99 tarpine uzduotis", "tarpine uzduotis\12-99 tarpine uzduotis.csproj", "{E57A97CF-A791-43EB-89D0-17D648DE3232}"
EndProject
Project("{2150E333-8FDC-42A3-9474-1A3956D46DE8}") = "13 masyvai", "13 masyvai", "{2343ED3D-7A5F-4273-90B1-032070776FF3}"
EndProject
Project("{FAE04EC0-301F-11D3-BF4B-00C04F79EFBC}") = "13-0 pavyzdziai masyvai", "mas1-1 uzduotis\13-0 pavyzdziai masyvai.csproj", "{2D3C11A9-8758-4B02-A0C0-3E1D512D2FD7}"
EndProject
Project("{FAE04EC0-301F-11D3-BF4B-00C04F79EFBC}") = "13-1 uzduotis", "1-1 uzduotis masyvas\13-1 uzduotis.csproj", "{EE2C0967-EC9C-41FE-9F25-DFB7C4ECBE55}"
EndProject
Project("{FAE04EC0-301F-11D3-BF4B-00C04F79EFBC}") = "13-2 uzduotis", "13-2 uzduotis\13-2 uzduotis.csproj", "{EA0AB468-319C-4CA8-B77F-C05231D7BD1B}"
EndProject
Project("{FAE04EC0-301F-11D3-BF4B-00C04F79EFBC}") = "13-3 uzduotis", "13-3 uzduotis\13-3 uzduotis.csproj", "{CC967104-518F-47AF-8E3B-468BBC1EB911}"
EndProject
Project("{FAE04EC0-301F-11D3-BF4B-00C04F79EFBC}") = "13-4 uzduotis", "13-4 uzduotis\13-4 uzduotis.csproj", "{1B74954F-F10E-4799-ABF9-9870C584A44A}"
EndProject
Project("{2150E333-8FDC-42A3-9474-1A3956D46DE8}") = "14 sarasai", "14 sarasai", "{6AADD740-8996-4753-B94F-F705A864ACF8}"
EndProject
Project("{FAE04EC0-301F-11D3-BF4B-00C04F79EFBC}") = "14-1 uzduotis", "14-1 uzduotis\14-1 uzduotis.csproj", "{38430D25-8A56-41C3-9800-BDFDD1F4A556}"
EndProject
Project("{FAE04EC0-301F-11D3-BF4B-00C04F79EFBC}") = "14-2 uzduotis", "14-2 uzduotis\14-2 uzduotis.csproj", "{DCABFF92-5970-4AF7-AEFA-20FEC32CFCAB}"
EndProject
Project("{FAE04EC0-301F-11D3-BF4B-00C04F79EFBC}") = "14-3 uzduotis (papildoma)", "14-3 uzduotis (papildoma)\14-3 uzduotis (papildoma).csproj", "{12CB11BE-1194-4CC4-B556-37A996747066}"
EndProject
Project("{2150E333-8FDC-42A3-9474-1A3956D46DE8}") = "15 metodai", "15 metodai", "{D55F6685-35E0-4A33-A45E-34077728BC92}"
EndProject
Project("{FAE04EC0-301F-11D3-BF4B-00C04F79EFBC}") = "15-0 metodai pvz", "metodai pvz\15-0 metodai pvz.csproj", "{B449C558-4859-40C9-9E1C-22F775861413}"
EndProject
Project("{FAE04EC0-301F-11D3-BF4B-00C04F79EFBC}") = "15-00 dar pvz", "15-00 dar pvz\15-00 dar pvz.csproj", "{5072A485-6211-4449-85D4-1D2CF9122F30}"
EndProject
Project("{FAE04EC0-301F-11D3-BF4B-00C04F79EFBC}") = "15-000 primilziai", "15-000 dar programa\15-000 primilziai.csproj", "{80DE450A-07AB-442A-B7F2-30AF419FCC82}"
EndProject
Project("{2150E333-8FDC-42A3-9474-1A3956D46DE8}") = "16 klases", "16 klases", "{C34BCA9E-705A-49F7-9530-E3338C810EF9}"
EndProject
Project("{FAE04EC0-301F-11D3-BF4B-00C04F79EFBC}") = "16-0 klases pavyzdziai", "16-0 klases pavyzdziai\16-0 klases pavyzdziai.csproj", "{23A9000D-A691-4689-809C-5F0D3BD732A5}"
EndProject
Project("{FAE04EC0-301F-11D3-BF4B-00C04F79EFBC}") = "16-1 masinos", "16-1 masinos\16-1 masinos.csproj", "{3683A540-5954-43FA-A692-FF35E0969070}"
EndProject
Project("{FAE04EC0-301F-11D3-BF4B-00C04F79EFBC}") = "16-2 medis", "16-2 medis\16-2 medis.csproj", "{DEED2950-76FB-4978-8280-CA561E0248E6}"
EndProject
Project("{FAE04EC0-301F-11D3-BF4B-00C04F79EFBC}") = "16-3 paduotuve", "16-3 paduotuve\16-3 paduotuve.csproj", "{FA9C1BA6-2673-4A6C-B0E7-18AA19F02E27}"
EndProject
Project("{FAE04EC0-301F-11D3-BF4B-00C04F79EFBC}") = "16-4 studentas", "16-4 studentas\16-4 studentas.csproj", "{69F846C4-B794-43EB-A67A-7E07FFC601BC}"
EndProject
Project("{2150E333-8FDC-42A3-9474-1A3956D46DE8}") = "17 paveldejimas", "17 paveldejimas", "{551017EC-65AE-4C5E-8CD6-47B8507F27A9}"
EndProject
Project("{FAE04EC0-301F-11D3-BF4B-00C04F79EFBC}") = "17 pavyzdziai", "17 pavyzdziai\17 pavyzdziai.csproj", "{2AD69F7B-A3F5-45B9-B376-ED2F709232F4}"
EndProject
Project("{2150E333-8FDC-42A3-9474-1A3956D46DE8}") = "18 projektas", "18 projektas", "{861A9458-FAA2-4F99-9942-A0BFB36CCA1C}"
EndProject
Project("{FAE04EC0-301F-11D3-BF4B-00C04F79EFBC}") = "projektas", "projektas\projektas.csproj", "{266B1ED4-B6C7-4CE4-878E-60BF2159DC43}"
EndProject
Project("{2150E333-8FDC-42A3-9474-1A3956D46DE8}") = "18 gui", "18 gui", "{A2F400D8-B452-4980-BCB8-3A42074E9CB0}"
EndProject
Project("{FAE04EC0-301F-11D3-BF4B-00C04F79EFBC}") = "18-1 pasibandymai su gui", "18-1 pasibandymai su gui\18-1 pasibandymai su gui.csproj", "{C09F466A-02C3-41F2-BD6C-31E8A0EC8A56}"
EndProject
Global
	GlobalSection(SolutionConfigurationPlatforms) = preSolution
		Debug|Any CPU = Debug|Any CPU
		Release|Any CPU = Release|Any CPU
	EndGlobalSection
	GlobalSection(ProjectConfigurationPlatforms) = postSolution
		{9A7E4075-4D22-4D1C-B6C3-6CF92C6AEA00}.Debug|Any CPU.ActiveCfg = Debug|Any CPU
		{9A7E4075-4D22-4D1C-B6C3-6CF92C6AEA00}.Debug|Any CPU.Build.0 = Debug|Any CPU
		{9A7E4075-4D22-4D1C-B6C3-6CF92C6AEA00}.Release|Any CPU.ActiveCfg = Release|Any CPU
		{9A7E4075-4D22-4D1C-B6C3-6CF92C6AEA00}.Release|Any CPU.Build.0 = Release|Any CPU
		{ACDE1E13-E4B6-4A0D-B31C-EEEF907B976F}.Debug|Any CPU.ActiveCfg = Debug|Any CPU
		{ACDE1E13-E4B6-4A0D-B31C-EEEF907B976F}.Debug|Any CPU.Build.0 = Debug|Any CPU
		{ACDE1E13-E4B6-4A0D-B31C-EEEF907B976F}.Release|Any CPU.ActiveCfg = Release|Any CPU
		{ACDE1E13-E4B6-4A0D-B31C-EEEF907B976F}.Release|Any CPU.Build.0 = Release|Any CPU
		{DD88037A-9829-49BD-9388-7214F83741A5}.Debug|Any CPU.ActiveCfg = Debug|Any CPU
		{DD88037A-9829-49BD-9388-7214F83741A5}.Debug|Any CPU.Build.0 = Debug|Any CPU
		{DD88037A-9829-49BD-9388-7214F83741A5}.Release|Any CPU.ActiveCfg = Release|Any CPU
		{DD88037A-9829-49BD-9388-7214F83741A5}.Release|Any CPU.Build.0 = Release|Any CPU
		{6F073BBF-96E7-42AA-90DC-889604580379}.Debug|Any CPU.ActiveCfg = Debug|Any CPU
		{6F073BBF-96E7-42AA-90DC-889604580379}.Debug|Any CPU.Build.0 = Debug|Any CPU
		{6F073BBF-96E7-42AA-90DC-889604580379}.Release|Any CPU.ActiveCfg = Release|Any CPU
		{6F073BBF-96E7-42AA-90DC-889604580379}.Release|Any CPU.Build.0 = Release|Any CPU
		{21326163-F94F-4EDD-93C8-38E103716628}.Debug|Any CPU.ActiveCfg = Debug|Any CPU
		{21326163-F94F-4EDD-93C8-38E103716628}.Debug|Any CPU.Build.0 = Debug|Any CPU
		{21326163-F94F-4EDD-93C8-38E103716628}.Release|Any CPU.ActiveCfg = Release|Any CPU
		{21326163-F94F-4EDD-93C8-38E103716628}.Release|Any CPU.Build.0 = Release|Any CPU
		{6250E8C0-155C-4EE8-863D-5A405AF9E451}.Debug|Any CPU.ActiveCfg = Debug|Any CPU
		{6250E8C0-155C-4EE8-863D-5A405AF9E451}.Debug|Any CPU.Build.0 = Debug|Any CPU
		{6250E8C0-155C-4EE8-863D-5A405AF9E451}.Release|Any CPU.ActiveCfg = Release|Any CPU
		{6250E8C0-155C-4EE8-863D-5A405AF9E451}.Release|Any CPU.Build.0 = Release|Any CPU
		{8667D5A2-3E1F-4945-98B1-0928B2C3A265}.Debug|Any CPU.ActiveCfg = Debug|Any CPU
		{8667D5A2-3E1F-4945-98B1-0928B2C3A265}.Debug|Any CPU.Build.0 = Debug|Any CPU
		{8667D5A2-3E1F-4945-98B1-0928B2C3A265}.Release|Any CPU.ActiveCfg = Release|Any CPU
		{8667D5A2-3E1F-4945-98B1-0928B2C3A265}.Release|Any CPU.Build.0 = Release|Any CPU
		{1B018E8F-CA4B-4486-970E-0579F677F7F9}.Debug|Any CPU.ActiveCfg = Debug|Any CPU
		{1B018E8F-CA4B-4486-970E-0579F677F7F9}.Debug|Any CPU.Build.0 = Debug|Any CPU
		{1B018E8F-CA4B-4486-970E-0579F677F7F9}.Release|Any CPU.ActiveCfg = Release|Any CPU
		{1B018E8F-CA4B-4486-970E-0579F677F7F9}.Release|Any CPU.Build.0 = Release|Any CPU
		{F177E07E-3914-4CB9-B594-EEC04B48E63A}.Debug|Any CPU.ActiveCfg = Debug|Any CPU
		{F177E07E-3914-4CB9-B594-EEC04B48E63A}.Debug|Any CPU.Build.0 = Debug|Any CPU
		{F177E07E-3914-4CB9-B594-EEC04B48E63A}.Release|Any CPU.ActiveCfg = Release|Any CPU
		{F177E07E-3914-4CB9-B594-EEC04B48E63A}.Release|Any CPU.Build.0 = Release|Any CPU
		{213D6E6B-A021-4A01-A236-BD73158AE0E2}.Debug|Any CPU.ActiveCfg = Debug|Any CPU
		{213D6E6B-A021-4A01-A236-BD73158AE0E2}.Debug|Any CPU.Build.0 = Debug|Any CPU
		{213D6E6B-A021-4A01-A236-BD73158AE0E2}.Release|Any CPU.ActiveCfg = Release|Any CPU
		{213D6E6B-A021-4A01-A236-BD73158AE0E2}.Release|Any CPU.Build.0 = Release|Any CPU
		{61B4D638-3E4A-42FB-BCAA-A6B3910F86BC}.Debug|Any CPU.ActiveCfg = Debug|Any CPU
		{61B4D638-3E4A-42FB-BCAA-A6B3910F86BC}.Debug|Any CPU.Build.0 = Debug|Any CPU
		{61B4D638-3E4A-42FB-BCAA-A6B3910F86BC}.Release|Any CPU.ActiveCfg = Release|Any CPU
		{61B4D638-3E4A-42FB-BCAA-A6B3910F86BC}.Release|Any CPU.Build.0 = Release|Any CPU
		{A9CB15D1-3793-40A5-B506-EAB203B27D73}.Debug|Any CPU.ActiveCfg = Debug|Any CPU
		{A9CB15D1-3793-40A5-B506-EAB203B27D73}.Debug|Any CPU.Build.0 = Debug|Any CPU
		{A9CB15D1-3793-40A5-B506-EAB203B27D73}.Release|Any CPU.ActiveCfg = Release|Any CPU
		{A9CB15D1-3793-40A5-B506-EAB203B27D73}.Release|Any CPU.Build.0 = Release|Any CPU
		{60A78BE3-17CD-4FED-8AD2-136A4474327E}.Debug|Any CPU.ActiveCfg = Debug|Any CPU
		{60A78BE3-17CD-4FED-8AD2-136A4474327E}.Debug|Any CPU.Build.0 = Debug|Any CPU
		{60A78BE3-17CD-4FED-8AD2-136A4474327E}.Release|Any CPU.ActiveCfg = Release|Any CPU
		{60A78BE3-17CD-4FED-8AD2-136A4474327E}.Release|Any CPU.Build.0 = Release|Any CPU
		{5392FBFA-16BE-4A7E-BDB0-945090AE3FEA}.Debug|Any CPU.ActiveCfg = Debug|Any CPU
		{5392FBFA-16BE-4A7E-BDB0-945090AE3FEA}.Debug|Any CPU.Build.0 = Debug|Any CPU
		{5392FBFA-16BE-4A7E-BDB0-945090AE3FEA}.Release|Any CPU.ActiveCfg = Release|Any CPU
		{5392FBFA-16BE-4A7E-BDB0-945090AE3FEA}.Release|Any CPU.Build.0 = Release|Any CPU
		{1E9AE729-0760-48A0-A3E4-724B607A7A4C}.Debug|Any CPU.ActiveCfg = Debug|Any CPU
		{1E9AE729-0760-48A0-A3E4-724B607A7A4C}.Debug|Any CPU.Build.0 = Debug|Any CPU
		{1E9AE729-0760-48A0-A3E4-724B607A7A4C}.Release|Any CPU.ActiveCfg = Release|Any CPU
		{1E9AE729-0760-48A0-A3E4-724B607A7A4C}.Release|Any CPU.Build.0 = Release|Any CPU
		{5E9E7E5F-80FF-481C-AF14-A42ED3EF9271}.Debug|Any CPU.ActiveCfg = Debug|Any CPU
		{5E9E7E5F-80FF-481C-AF14-A42ED3EF9271}.Debug|Any CPU.Build.0 = Debug|Any CPU
		{5E9E7E5F-80FF-481C-AF14-A42ED3EF9271}.Release|Any CPU.ActiveCfg = Release|Any CPU
		{5E9E7E5F-80FF-481C-AF14-A42ED3EF9271}.Release|Any CPU.Build.0 = Release|Any CPU
		{C48C8BEE-1E39-41F4-89E5-257EECBD0589}.Debug|Any CPU.ActiveCfg = Debug|Any CPU
		{C48C8BEE-1E39-41F4-89E5-257EECBD0589}.Debug|Any CPU.Build.0 = Debug|Any CPU
		{C48C8BEE-1E39-41F4-89E5-257EECBD0589}.Release|Any CPU.ActiveCfg = Release|Any CPU
		{C48C8BEE-1E39-41F4-89E5-257EECBD0589}.Release|Any CPU.Build.0 = Release|Any CPU
		{0742EAE3-D632-427C-8369-8DF99B9E70F1}.Debug|Any CPU.ActiveCfg = Debug|Any CPU
		{0742EAE3-D632-427C-8369-8DF99B9E70F1}.Debug|Any CPU.Build.0 = Debug|Any CPU
		{0742EAE3-D632-427C-8369-8DF99B9E70F1}.Release|Any CPU.ActiveCfg = Release|Any CPU
		{0742EAE3-D632-427C-8369-8DF99B9E70F1}.Release|Any CPU.Build.0 = Release|Any CPU
		{6AEA9B88-0F72-46BA-9A05-CB1BEC0DDDC8}.Debug|Any CPU.ActiveCfg = Debug|Any CPU
		{6AEA9B88-0F72-46BA-9A05-CB1BEC0DDDC8}.Debug|Any CPU.Build.0 = Debug|Any CPU
		{6AEA9B88-0F72-46BA-9A05-CB1BEC0DDDC8}.Release|Any CPU.ActiveCfg = Release|Any CPU
		{6AEA9B88-0F72-46BA-9A05-CB1BEC0DDDC8}.Release|Any CPU.Build.0 = Release|Any CPU
		{879B4E3B-DBCE-4F31-ACD7-AB9AC1EBA7AB}.Debug|Any CPU.ActiveCfg = Debug|Any CPU
		{879B4E3B-DBCE-4F31-ACD7-AB9AC1EBA7AB}.Debug|Any CPU.Build.0 = Debug|Any CPU
		{879B4E3B-DBCE-4F31-ACD7-AB9AC1EBA7AB}.Release|Any CPU.ActiveCfg = Release|Any CPU
		{879B4E3B-DBCE-4F31-ACD7-AB9AC1EBA7AB}.Release|Any CPU.Build.0 = Release|Any CPU
		{58BF4235-3B93-44E4-9DD4-7F94E52B9D53}.Debug|Any CPU.ActiveCfg = Debug|Any CPU
		{58BF4235-3B93-44E4-9DD4-7F94E52B9D53}.Debug|Any CPU.Build.0 = Debug|Any CPU
		{58BF4235-3B93-44E4-9DD4-7F94E52B9D53}.Release|Any CPU.ActiveCfg = Release|Any CPU
		{58BF4235-3B93-44E4-9DD4-7F94E52B9D53}.Release|Any CPU.Build.0 = Release|Any CPU
		{B1F5791E-B7DD-4853-9B49-0B666F743DAA}.Debug|Any CPU.ActiveCfg = Debug|Any CPU
		{B1F5791E-B7DD-4853-9B49-0B666F743DAA}.Debug|Any CPU.Build.0 = Debug|Any CPU
		{B1F5791E-B7DD-4853-9B49-0B666F743DAA}.Release|Any CPU.ActiveCfg = Release|Any CPU
		{B1F5791E-B7DD-4853-9B49-0B666F743DAA}.Release|Any CPU.Build.0 = Release|Any CPU
		{49456CDE-8203-488F-8007-794D9573746B}.Debug|Any CPU.ActiveCfg = Debug|Any CPU
		{49456CDE-8203-488F-8007-794D9573746B}.Debug|Any CPU.Build.0 = Debug|Any CPU
		{49456CDE-8203-488F-8007-794D9573746B}.Release|Any CPU.ActiveCfg = Release|Any CPU
		{49456CDE-8203-488F-8007-794D9573746B}.Release|Any CPU.Build.0 = Release|Any CPU
		{FA8CC54D-968F-43EE-A09A-8038AB3F8F3E}.Debug|Any CPU.ActiveCfg = Debug|Any CPU
		{FA8CC54D-968F-43EE-A09A-8038AB3F8F3E}.Debug|Any CPU.Build.0 = Debug|Any CPU
		{FA8CC54D-968F-43EE-A09A-8038AB3F8F3E}.Release|Any CPU.ActiveCfg = Release|Any CPU
		{FA8CC54D-968F-43EE-A09A-8038AB3F8F3E}.Release|Any CPU.Build.0 = Release|Any CPU
		{465CC065-030C-4330-ADC2-5C4C1208B7FC}.Debug|Any CPU.ActiveCfg = Debug|Any CPU
		{465CC065-030C-4330-ADC2-5C4C1208B7FC}.Debug|Any CPU.Build.0 = Debug|Any CPU
		{465CC065-030C-4330-ADC2-5C4C1208B7FC}.Release|Any CPU.ActiveCfg = Release|Any CPU
		{465CC065-030C-4330-ADC2-5C4C1208B7FC}.Release|Any CPU.Build.0 = Release|Any CPU
		{E6BE5ADD-D337-4AAE-B9B4-1D5565882861}.Debug|Any CPU.ActiveCfg = Debug|Any CPU
		{E6BE5ADD-D337-4AAE-B9B4-1D5565882861}.Debug|Any CPU.Build.0 = Debug|Any CPU
		{E6BE5ADD-D337-4AAE-B9B4-1D5565882861}.Release|Any CPU.ActiveCfg = Release|Any CPU
		{E6BE5ADD-D337-4AAE-B9B4-1D5565882861}.Release|Any CPU.Build.0 = Release|Any CPU
		{489E17C4-831B-4A40-95E7-839B92A951B1}.Debug|Any CPU.ActiveCfg = Debug|Any CPU
		{489E17C4-831B-4A40-95E7-839B92A951B1}.Debug|Any CPU.Build.0 = Debug|Any CPU
		{489E17C4-831B-4A40-95E7-839B92A951B1}.Release|Any CPU.ActiveCfg = Release|Any CPU
		{489E17C4-831B-4A40-95E7-839B92A951B1}.Release|Any CPU.Build.0 = Release|Any CPU
		{A1C9EE25-91E2-4D0A-8317-C0DD206A5176}.Debug|Any CPU.ActiveCfg = Debug|Any CPU
		{A1C9EE25-91E2-4D0A-8317-C0DD206A5176}.Debug|Any CPU.Build.0 = Debug|Any CPU
		{A1C9EE25-91E2-4D0A-8317-C0DD206A5176}.Release|Any CPU.ActiveCfg = Release|Any CPU
		{A1C9EE25-91E2-4D0A-8317-C0DD206A5176}.Release|Any CPU.Build.0 = Release|Any CPU
		{0AF6BC47-6412-4B26-A4BA-66A7EE7FCF18}.Debug|Any CPU.ActiveCfg = Debug|Any CPU
		{0AF6BC47-6412-4B26-A4BA-66A7EE7FCF18}.Debug|Any CPU.Build.0 = Debug|Any CPU
		{0AF6BC47-6412-4B26-A4BA-66A7EE7FCF18}.Release|Any CPU.ActiveCfg = Release|Any CPU
		{0AF6BC47-6412-4B26-A4BA-66A7EE7FCF18}.Release|Any CPU.Build.0 = Release|Any CPU
		{559DE18B-1191-4424-80F1-551594A71D7D}.Debug|Any CPU.ActiveCfg = Debug|Any CPU
		{559DE18B-1191-4424-80F1-551594A71D7D}.Debug|Any CPU.Build.0 = Debug|Any CPU
		{559DE18B-1191-4424-80F1-551594A71D7D}.Release|Any CPU.ActiveCfg = Release|Any CPU
		{559DE18B-1191-4424-80F1-551594A71D7D}.Release|Any CPU.Build.0 = Release|Any CPU
		{FF061DA5-8E17-4467-8734-127FE4732D88}.Debug|Any CPU.ActiveCfg = Debug|Any CPU
		{FF061DA5-8E17-4467-8734-127FE4732D88}.Debug|Any CPU.Build.0 = Debug|Any CPU
		{FF061DA5-8E17-4467-8734-127FE4732D88}.Release|Any CPU.ActiveCfg = Release|Any CPU
		{FF061DA5-8E17-4467-8734-127FE4732D88}.Release|Any CPU.Build.0 = Release|Any CPU
		{F831D95D-02B9-4241-AB8E-6735C6B90BE2}.Debug|Any CPU.ActiveCfg = Debug|Any CPU
		{F831D95D-02B9-4241-AB8E-6735C6B90BE2}.Debug|Any CPU.Build.0 = Debug|Any CPU
		{F831D95D-02B9-4241-AB8E-6735C6B90BE2}.Release|Any CPU.ActiveCfg = Release|Any CPU
		{F831D95D-02B9-4241-AB8E-6735C6B90BE2}.Release|Any CPU.Build.0 = Release|Any CPU
		{ADE8195D-3C87-4D4F-9F1A-803C050F7163}.Debug|Any CPU.ActiveCfg = Debug|Any CPU
		{ADE8195D-3C87-4D4F-9F1A-803C050F7163}.Debug|Any CPU.Build.0 = Debug|Any CPU
		{ADE8195D-3C87-4D4F-9F1A-803C050F7163}.Release|Any CPU.ActiveCfg = Release|Any CPU
		{ADE8195D-3C87-4D4F-9F1A-803C050F7163}.Release|Any CPU.Build.0 = Release|Any CPU
		{32886A4B-B163-4000-B6A4-51EEBF9B0AB5}.Debug|Any CPU.ActiveCfg = Debug|Any CPU
		{32886A4B-B163-4000-B6A4-51EEBF9B0AB5}.Debug|Any CPU.Build.0 = Debug|Any CPU
		{32886A4B-B163-4000-B6A4-51EEBF9B0AB5}.Release|Any CPU.ActiveCfg = Release|Any CPU
		{32886A4B-B163-4000-B6A4-51EEBF9B0AB5}.Release|Any CPU.Build.0 = Release|Any CPU
		{6DFEC55C-16B5-4509-A594-912640C48E7F}.Debug|Any CPU.ActiveCfg = Debug|Any CPU
		{6DFEC55C-16B5-4509-A594-912640C48E7F}.Debug|Any CPU.Build.0 = Debug|Any CPU
		{6DFEC55C-16B5-4509-A594-912640C48E7F}.Release|Any CPU.ActiveCfg = Release|Any CPU
		{6DFEC55C-16B5-4509-A594-912640C48E7F}.Release|Any CPU.Build.0 = Release|Any CPU
		{45683655-65C7-4CE1-85C6-436504E9875C}.Debug|Any CPU.ActiveCfg = Debug|Any CPU
		{45683655-65C7-4CE1-85C6-436504E9875C}.Debug|Any CPU.Build.0 = Debug|Any CPU
		{45683655-65C7-4CE1-85C6-436504E9875C}.Release|Any CPU.ActiveCfg = Release|Any CPU
		{45683655-65C7-4CE1-85C6-436504E9875C}.Release|Any CPU.Build.0 = Release|Any CPU
		{120D982E-34C1-425F-A1AD-F77076892269}.Debug|Any CPU.ActiveCfg = Debug|Any CPU
		{120D982E-34C1-425F-A1AD-F77076892269}.Debug|Any CPU.Build.0 = Debug|Any CPU
		{120D982E-34C1-425F-A1AD-F77076892269}.Release|Any CPU.ActiveCfg = Release|Any CPU
		{120D982E-34C1-425F-A1AD-F77076892269}.Release|Any CPU.Build.0 = Release|Any CPU
		{A931FFED-6400-4571-A0B3-2AC94A8EFB90}.Debug|Any CPU.ActiveCfg = Debug|Any CPU
		{A931FFED-6400-4571-A0B3-2AC94A8EFB90}.Debug|Any CPU.Build.0 = Debug|Any CPU
		{A931FFED-6400-4571-A0B3-2AC94A8EFB90}.Release|Any CPU.ActiveCfg = Release|Any CPU
		{A931FFED-6400-4571-A0B3-2AC94A8EFB90}.Release|Any CPU.Build.0 = Release|Any CPU
		{91E05B04-BC94-4245-B644-93A847689327}.Debug|Any CPU.ActiveCfg = Debug|Any CPU
		{91E05B04-BC94-4245-B644-93A847689327}.Debug|Any CPU.Build.0 = Debug|Any CPU
		{91E05B04-BC94-4245-B644-93A847689327}.Release|Any CPU.ActiveCfg = Release|Any CPU
		{91E05B04-BC94-4245-B644-93A847689327}.Release|Any CPU.Build.0 = Release|Any CPU
		{CC789F47-9D8F-4FE3-B01F-F4936EB41B7D}.Debug|Any CPU.ActiveCfg = Debug|Any CPU
		{CC789F47-9D8F-4FE3-B01F-F4936EB41B7D}.Debug|Any CPU.Build.0 = Debug|Any CPU
		{CC789F47-9D8F-4FE3-B01F-F4936EB41B7D}.Release|Any CPU.ActiveCfg = Release|Any CPU
		{CC789F47-9D8F-4FE3-B01F-F4936EB41B7D}.Release|Any CPU.Build.0 = Release|Any CPU
		{C0D509C1-7BF9-4169-BB9D-7073C10BA673}.Debug|Any CPU.ActiveCfg = Debug|Any CPU
		{C0D509C1-7BF9-4169-BB9D-7073C10BA673}.Debug|Any CPU.Build.0 = Debug|Any CPU
		{C0D509C1-7BF9-4169-BB9D-7073C10BA673}.Release|Any CPU.ActiveCfg = Release|Any CPU
		{C0D509C1-7BF9-4169-BB9D-7073C10BA673}.Release|Any CPU.Build.0 = Release|Any CPU
		{800A3516-1DBA-43C5-9F5F-048FCA62ABF2}.Debug|Any CPU.ActiveCfg = Debug|Any CPU
		{800A3516-1DBA-43C5-9F5F-048FCA62ABF2}.Debug|Any CPU.Build.0 = Debug|Any CPU
		{800A3516-1DBA-43C5-9F5F-048FCA62ABF2}.Release|Any CPU.ActiveCfg = Release|Any CPU
		{800A3516-1DBA-43C5-9F5F-048FCA62ABF2}.Release|Any CPU.Build.0 = Release|Any CPU
		{D8EFC065-B28A-4522-BE44-0A781036282E}.Debug|Any CPU.ActiveCfg = Debug|Any CPU
		{D8EFC065-B28A-4522-BE44-0A781036282E}.Debug|Any CPU.Build.0 = Debug|Any CPU
		{D8EFC065-B28A-4522-BE44-0A781036282E}.Release|Any CPU.ActiveCfg = Release|Any CPU
		{D8EFC065-B28A-4522-BE44-0A781036282E}.Release|Any CPU.Build.0 = Release|Any CPU
		{A3247D32-5897-4D71-8E8C-C2471121CD88}.Debug|Any CPU.ActiveCfg = Debug|Any CPU
		{A3247D32-5897-4D71-8E8C-C2471121CD88}.Debug|Any CPU.Build.0 = Debug|Any CPU
		{A3247D32-5897-4D71-8E8C-C2471121CD88}.Release|Any CPU.ActiveCfg = Release|Any CPU
		{A3247D32-5897-4D71-8E8C-C2471121CD88}.Release|Any CPU.Build.0 = Release|Any CPU
		{C2840A1D-A185-4835-A190-31AE1B50BA6E}.Debug|Any CPU.ActiveCfg = Debug|Any CPU
		{C2840A1D-A185-4835-A190-31AE1B50BA6E}.Debug|Any CPU.Build.0 = Debug|Any CPU
		{C2840A1D-A185-4835-A190-31AE1B50BA6E}.Release|Any CPU.ActiveCfg = Release|Any CPU
		{C2840A1D-A185-4835-A190-31AE1B50BA6E}.Release|Any CPU.Build.0 = Release|Any CPU
		{324DBB07-F509-4285-B664-306F4C14C464}.Debug|Any CPU.ActiveCfg = Debug|Any CPU
		{324DBB07-F509-4285-B664-306F4C14C464}.Debug|Any CPU.Build.0 = Debug|Any CPU
		{324DBB07-F509-4285-B664-306F4C14C464}.Release|Any CPU.ActiveCfg = Release|Any CPU
		{324DBB07-F509-4285-B664-306F4C14C464}.Release|Any CPU.Build.0 = Release|Any CPU
		{475A14D1-2D73-42E2-A3DC-C5D2D9AA8836}.Debug|Any CPU.ActiveCfg = Debug|Any CPU
		{475A14D1-2D73-42E2-A3DC-C5D2D9AA8836}.Debug|Any CPU.Build.0 = Debug|Any CPU
		{475A14D1-2D73-42E2-A3DC-C5D2D9AA8836}.Release|Any CPU.ActiveCfg = Release|Any CPU
		{475A14D1-2D73-42E2-A3DC-C5D2D9AA8836}.Release|Any CPU.Build.0 = Release|Any CPU
		{0EC15E70-3EE7-4C4E-B058-8963428B6DBE}.Debug|Any CPU.ActiveCfg = Debug|Any CPU
		{0EC15E70-3EE7-4C4E-B058-8963428B6DBE}.Debug|Any CPU.Build.0 = Debug|Any CPU
		{0EC15E70-3EE7-4C4E-B058-8963428B6DBE}.Release|Any CPU.ActiveCfg = Release|Any CPU
		{0EC15E70-3EE7-4C4E-B058-8963428B6DBE}.Release|Any CPU.Build.0 = Release|Any CPU
		{9AE609C8-A0C8-49D5-8F73-BFC287E29729}.Debug|Any CPU.ActiveCfg = Debug|Any CPU
		{9AE609C8-A0C8-49D5-8F73-BFC287E29729}.Debug|Any CPU.Build.0 = Debug|Any CPU
		{9AE609C8-A0C8-49D5-8F73-BFC287E29729}.Release|Any CPU.ActiveCfg = Release|Any CPU
		{9AE609C8-A0C8-49D5-8F73-BFC287E29729}.Release|Any CPU.Build.0 = Release|Any CPU
		{F9E03EEE-BB14-4070-AC7C-C1DE0ACB0A3F}.Debug|Any CPU.ActiveCfg = Debug|Any CPU
		{F9E03EEE-BB14-4070-AC7C-C1DE0ACB0A3F}.Debug|Any CPU.Build.0 = Debug|Any CPU
		{F9E03EEE-BB14-4070-AC7C-C1DE0ACB0A3F}.Release|Any CPU.ActiveCfg = Release|Any CPU
		{F9E03EEE-BB14-4070-AC7C-C1DE0ACB0A3F}.Release|Any CPU.Build.0 = Release|Any CPU
		{7F1F0ADD-452A-4453-BB57-B4C7DC69D421}.Debug|Any CPU.ActiveCfg = Debug|Any CPU
		{7F1F0ADD-452A-4453-BB57-B4C7DC69D421}.Debug|Any CPU.Build.0 = Debug|Any CPU
		{7F1F0ADD-452A-4453-BB57-B4C7DC69D421}.Release|Any CPU.ActiveCfg = Release|Any CPU
		{7F1F0ADD-452A-4453-BB57-B4C7DC69D421}.Release|Any CPU.Build.0 = Release|Any CPU
		{A71E7C61-BFC2-4EBE-B775-23ADBB3C28F4}.Debug|Any CPU.ActiveCfg = Debug|Any CPU
		{A71E7C61-BFC2-4EBE-B775-23ADBB3C28F4}.Debug|Any CPU.Build.0 = Debug|Any CPU
		{A71E7C61-BFC2-4EBE-B775-23ADBB3C28F4}.Release|Any CPU.ActiveCfg = Release|Any CPU
		{A71E7C61-BFC2-4EBE-B775-23ADBB3C28F4}.Release|Any CPU.Build.0 = Release|Any CPU
		{E43EAA1E-29DB-4EC1-A6F3-AA466E0F23C0}.Debug|Any CPU.ActiveCfg = Debug|Any CPU
		{E43EAA1E-29DB-4EC1-A6F3-AA466E0F23C0}.Debug|Any CPU.Build.0 = Debug|Any CPU
		{E43EAA1E-29DB-4EC1-A6F3-AA466E0F23C0}.Release|Any CPU.ActiveCfg = Release|Any CPU
		{E43EAA1E-29DB-4EC1-A6F3-AA466E0F23C0}.Release|Any CPU.Build.0 = Release|Any CPU
		{E57A97CF-A791-43EB-89D0-17D648DE3232}.Debug|Any CPU.ActiveCfg = Debug|Any CPU
		{E57A97CF-A791-43EB-89D0-17D648DE3232}.Debug|Any CPU.Build.0 = Debug|Any CPU
		{E57A97CF-A791-43EB-89D0-17D648DE3232}.Release|Any CPU.ActiveCfg = Release|Any CPU
		{E57A97CF-A791-43EB-89D0-17D648DE3232}.Release|Any CPU.Build.0 = Release|Any CPU
		{2D3C11A9-8758-4B02-A0C0-3E1D512D2FD7}.Debug|Any CPU.ActiveCfg = Debug|Any CPU
		{2D3C11A9-8758-4B02-A0C0-3E1D512D2FD7}.Debug|Any CPU.Build.0 = Debug|Any CPU
		{2D3C11A9-8758-4B02-A0C0-3E1D512D2FD7}.Release|Any CPU.ActiveCfg = Release|Any CPU
		{2D3C11A9-8758-4B02-A0C0-3E1D512D2FD7}.Release|Any CPU.Build.0 = Release|Any CPU
		{EE2C0967-EC9C-41FE-9F25-DFB7C4ECBE55}.Debug|Any CPU.ActiveCfg = Debug|Any CPU
		{EE2C0967-EC9C-41FE-9F25-DFB7C4ECBE55}.Debug|Any CPU.Build.0 = Debug|Any CPU
		{EE2C0967-EC9C-41FE-9F25-DFB7C4ECBE55}.Release|Any CPU.ActiveCfg = Release|Any CPU
		{EE2C0967-EC9C-41FE-9F25-DFB7C4ECBE55}.Release|Any CPU.Build.0 = Release|Any CPU
		{EA0AB468-319C-4CA8-B77F-C05231D7BD1B}.Debug|Any CPU.ActiveCfg = Debug|Any CPU
		{EA0AB468-319C-4CA8-B77F-C05231D7BD1B}.Debug|Any CPU.Build.0 = Debug|Any CPU
		{EA0AB468-319C-4CA8-B77F-C05231D7BD1B}.Release|Any CPU.ActiveCfg = Release|Any CPU
		{EA0AB468-319C-4CA8-B77F-C05231D7BD1B}.Release|Any CPU.Build.0 = Release|Any CPU
		{CC967104-518F-47AF-8E3B-468BBC1EB911}.Debug|Any CPU.ActiveCfg = Debug|Any CPU
		{CC967104-518F-47AF-8E3B-468BBC1EB911}.Debug|Any CPU.Build.0 = Debug|Any CPU
		{CC967104-518F-47AF-8E3B-468BBC1EB911}.Release|Any CPU.ActiveCfg = Release|Any CPU
		{CC967104-518F-47AF-8E3B-468BBC1EB911}.Release|Any CPU.Build.0 = Release|Any CPU
		{1B74954F-F10E-4799-ABF9-9870C584A44A}.Debug|Any CPU.ActiveCfg = Debug|Any CPU
		{1B74954F-F10E-4799-ABF9-9870C584A44A}.Debug|Any CPU.Build.0 = Debug|Any CPU
		{1B74954F-F10E-4799-ABF9-9870C584A44A}.Release|Any CPU.ActiveCfg = Release|Any CPU
		{1B74954F-F10E-4799-ABF9-9870C584A44A}.Release|Any CPU.Build.0 = Release|Any CPU
		{38430D25-8A56-41C3-9800-BDFDD1F4A556}.Debug|Any CPU.ActiveCfg = Debug|Any CPU
		{38430D25-8A56-41C3-9800-BDFDD1F4A556}.Debug|Any CPU.Build.0 = Debug|Any CPU
		{38430D25-8A56-41C3-9800-BDFDD1F4A556}.Release|Any CPU.ActiveCfg = Release|Any CPU
		{38430D25-8A56-41C3-9800-BDFDD1F4A556}.Release|Any CPU.Build.0 = Release|Any CPU
		{DCABFF92-5970-4AF7-AEFA-20FEC32CFCAB}.Debug|Any CPU.ActiveCfg = Debug|Any CPU
		{DCABFF92-5970-4AF7-AEFA-20FEC32CFCAB}.Debug|Any CPU.Build.0 = Debug|Any CPU
		{DCABFF92-5970-4AF7-AEFA-20FEC32CFCAB}.Release|Any CPU.ActiveCfg = Release|Any CPU
		{DCABFF92-5970-4AF7-AEFA-20FEC32CFCAB}.Release|Any CPU.Build.0 = Release|Any CPU
		{12CB11BE-1194-4CC4-B556-37A996747066}.Debug|Any CPU.ActiveCfg = Debug|Any CPU
		{12CB11BE-1194-4CC4-B556-37A996747066}.Debug|Any CPU.Build.0 = Debug|Any CPU
		{12CB11BE-1194-4CC4-B556-37A996747066}.Release|Any CPU.ActiveCfg = Release|Any CPU
		{12CB11BE-1194-4CC4-B556-37A996747066}.Release|Any CPU.Build.0 = Release|Any CPU
		{B449C558-4859-40C9-9E1C-22F775861413}.Debug|Any CPU.ActiveCfg = Debug|Any CPU
		{B449C558-4859-40C9-9E1C-22F775861413}.Debug|Any CPU.Build.0 = Debug|Any CPU
		{B449C558-4859-40C9-9E1C-22F775861413}.Release|Any CPU.ActiveCfg = Release|Any CPU
		{B449C558-4859-40C9-9E1C-22F775861413}.Release|Any CPU.Build.0 = Release|Any CPU
		{5072A485-6211-4449-85D4-1D2CF9122F30}.Debug|Any CPU.ActiveCfg = Debug|Any CPU
		{5072A485-6211-4449-85D4-1D2CF9122F30}.Debug|Any CPU.Build.0 = Debug|Any CPU
		{5072A485-6211-4449-85D4-1D2CF9122F30}.Release|Any CPU.ActiveCfg = Release|Any CPU
		{5072A485-6211-4449-85D4-1D2CF9122F30}.Release|Any CPU.Build.0 = Release|Any CPU
		{80DE450A-07AB-442A-B7F2-30AF419FCC82}.Debug|Any CPU.ActiveCfg = Debug|Any CPU
		{80DE450A-07AB-442A-B7F2-30AF419FCC82}.Debug|Any CPU.Build.0 = Debug|Any CPU
		{80DE450A-07AB-442A-B7F2-30AF419FCC82}.Release|Any CPU.ActiveCfg = Release|Any CPU
		{80DE450A-07AB-442A-B7F2-30AF419FCC82}.Release|Any CPU.Build.0 = Release|Any CPU
		{23A9000D-A691-4689-809C-5F0D3BD732A5}.Debug|Any CPU.ActiveCfg = Debug|Any CPU
		{23A9000D-A691-4689-809C-5F0D3BD732A5}.Debug|Any CPU.Build.0 = Debug|Any CPU
		{23A9000D-A691-4689-809C-5F0D3BD732A5}.Release|Any CPU.ActiveCfg = Release|Any CPU
		{23A9000D-A691-4689-809C-5F0D3BD732A5}.Release|Any CPU.Build.0 = Release|Any CPU
		{3683A540-5954-43FA-A692-FF35E0969070}.Debug|Any CPU.ActiveCfg = Debug|Any CPU
		{3683A540-5954-43FA-A692-FF35E0969070}.Debug|Any CPU.Build.0 = Debug|Any CPU
		{3683A540-5954-43FA-A692-FF35E0969070}.Release|Any CPU.ActiveCfg = Release|Any CPU
		{3683A540-5954-43FA-A692-FF35E0969070}.Release|Any CPU.Build.0 = Release|Any CPU
		{DEED2950-76FB-4978-8280-CA561E0248E6}.Debug|Any CPU.ActiveCfg = Debug|Any CPU
		{DEED2950-76FB-4978-8280-CA561E0248E6}.Debug|Any CPU.Build.0 = Debug|Any CPU
		{DEED2950-76FB-4978-8280-CA561E0248E6}.Release|Any CPU.ActiveCfg = Release|Any CPU
		{DEED2950-76FB-4978-8280-CA561E0248E6}.Release|Any CPU.Build.0 = Release|Any CPU
		{FA9C1BA6-2673-4A6C-B0E7-18AA19F02E27}.Debug|Any CPU.ActiveCfg = Debug|Any CPU
		{FA9C1BA6-2673-4A6C-B0E7-18AA19F02E27}.Debug|Any CPU.Build.0 = Debug|Any CPU
		{FA9C1BA6-2673-4A6C-B0E7-18AA19F02E27}.Release|Any CPU.ActiveCfg = Release|Any CPU
		{FA9C1BA6-2673-4A6C-B0E7-18AA19F02E27}.Release|Any CPU.Build.0 = Release|Any CPU
		{69F846C4-B794-43EB-A67A-7E07FFC601BC}.Debug|Any CPU.ActiveCfg = Debug|Any CPU
		{69F846C4-B794-43EB-A67A-7E07FFC601BC}.Debug|Any CPU.Build.0 = Debug|Any CPU
		{69F846C4-B794-43EB-A67A-7E07FFC601BC}.Release|Any CPU.ActiveCfg = Release|Any CPU
		{69F846C4-B794-43EB-A67A-7E07FFC601BC}.Release|Any CPU.Build.0 = Release|Any CPU
		{2AD69F7B-A3F5-45B9-B376-ED2F709232F4}.Debug|Any CPU.ActiveCfg = Debug|Any CPU
		{2AD69F7B-A3F5-45B9-B376-ED2F709232F4}.Debug|Any CPU.Build.0 = Debug|Any CPU
		{2AD69F7B-A3F5-45B9-B376-ED2F709232F4}.Release|Any CPU.ActiveCfg = Release|Any CPU
		{2AD69F7B-A3F5-45B9-B376-ED2F709232F4}.Release|Any CPU.Build.0 = Release|Any CPU
		{266B1ED4-B6C7-4CE4-878E-60BF2159DC43}.Debug|Any CPU.ActiveCfg = Debug|Any CPU
		{266B1ED4-B6C7-4CE4-878E-60BF2159DC43}.Debug|Any CPU.Build.0 = Debug|Any CPU
		{266B1ED4-B6C7-4CE4-878E-60BF2159DC43}.Release|Any CPU.ActiveCfg = Release|Any CPU
		{266B1ED4-B6C7-4CE4-878E-60BF2159DC43}.Release|Any CPU.Build.0 = Release|Any CPU
		{C09F466A-02C3-41F2-BD6C-31E8A0EC8A56}.Debug|Any CPU.ActiveCfg = Debug|Any CPU
		{C09F466A-02C3-41F2-BD6C-31E8A0EC8A56}.Debug|Any CPU.Build.0 = Debug|Any CPU
		{C09F466A-02C3-41F2-BD6C-31E8A0EC8A56}.Release|Any CPU.ActiveCfg = Release|Any CPU
		{C09F466A-02C3-41F2-BD6C-31E8A0EC8A56}.Release|Any CPU.Build.0 = Release|Any CPU
	EndGlobalSection
	GlobalSection(SolutionProperties) = preSolution
		HideSolutionNode = FALSE
	EndGlobalSection
	GlobalSection(NestedProjects) = preSolution
		{9A7E4075-4D22-4D1C-B6C3-6CF92C6AEA00} = {2ADA7568-70B9-4409-AE45-FA5D46D24817}
		{ACDE1E13-E4B6-4A0D-B31C-EEEF907B976F} = {8AD7F564-0E8C-401C-A576-4A47AED39677}
		{DD88037A-9829-49BD-9388-7214F83741A5} = {8AD7F564-0E8C-401C-A576-4A47AED39677}
		{6F073BBF-96E7-42AA-90DC-889604580379} = {8AD7F564-0E8C-401C-A576-4A47AED39677}
		{21326163-F94F-4EDD-93C8-38E103716628} = {8AD7F564-0E8C-401C-A576-4A47AED39677}
		{6250E8C0-155C-4EE8-863D-5A405AF9E451} = {8AD7F564-0E8C-401C-A576-4A47AED39677}
		{8667D5A2-3E1F-4945-98B1-0928B2C3A265} = {8AD7F564-0E8C-401C-A576-4A47AED39677}
		{1B018E8F-CA4B-4486-970E-0579F677F7F9} = {88442D37-9304-490A-A9BE-558E91488B12}
		{F177E07E-3914-4CB9-B594-EEC04B48E63A} = {88442D37-9304-490A-A9BE-558E91488B12}
		{213D6E6B-A021-4A01-A236-BD73158AE0E2} = {88442D37-9304-490A-A9BE-558E91488B12}
		{61B4D638-3E4A-42FB-BCAA-A6B3910F86BC} = {88442D37-9304-490A-A9BE-558E91488B12}
		{A9CB15D1-3793-40A5-B506-EAB203B27D73} = {88442D37-9304-490A-A9BE-558E91488B12}
		{60A78BE3-17CD-4FED-8AD2-136A4474327E} = {88442D37-9304-490A-A9BE-558E91488B12}
		{5392FBFA-16BE-4A7E-BDB0-945090AE3FEA} = {8B7E706D-CC38-44A4-A622-55CAFC5CB57A}
		{1E9AE729-0760-48A0-A3E4-724B607A7A4C} = {8B7E706D-CC38-44A4-A622-55CAFC5CB57A}
		{5E9E7E5F-80FF-481C-AF14-A42ED3EF9271} = {8B7E706D-CC38-44A4-A622-55CAFC5CB57A}
		{C48C8BEE-1E39-41F4-89E5-257EECBD0589} = {8B7E706D-CC38-44A4-A622-55CAFC5CB57A}
		{0742EAE3-D632-427C-8369-8DF99B9E70F1} = {8B7E706D-CC38-44A4-A622-55CAFC5CB57A}
		{6AEA9B88-0F72-46BA-9A05-CB1BEC0DDDC8} = {8B7E706D-CC38-44A4-A622-55CAFC5CB57A}
		{879B4E3B-DBCE-4F31-ACD7-AB9AC1EBA7AB} = {8B7E706D-CC38-44A4-A622-55CAFC5CB57A}
		{58BF4235-3B93-44E4-9DD4-7F94E52B9D53} = {8B7E706D-CC38-44A4-A622-55CAFC5CB57A}
		{B1F5791E-B7DD-4853-9B49-0B666F743DAA} = {47471509-C7A0-4E25-8F98-B36997258F8A}
		{49456CDE-8203-488F-8007-794D9573746B} = {47471509-C7A0-4E25-8F98-B36997258F8A}
		{FA8CC54D-968F-43EE-A09A-8038AB3F8F3E} = {47471509-C7A0-4E25-8F98-B36997258F8A}
		{465CC065-030C-4330-ADC2-5C4C1208B7FC} = {47471509-C7A0-4E25-8F98-B36997258F8A}
		{E6BE5ADD-D337-4AAE-B9B4-1D5565882861} = {FF235190-B648-4EB7-83FB-7184CA9AD678}
		{489E17C4-831B-4A40-95E7-839B92A951B1} = {FF235190-B648-4EB7-83FB-7184CA9AD678}
		{A1C9EE25-91E2-4D0A-8317-C0DD206A5176} = {1E05E5E5-75EB-4124-9E58-D3E8A5D8A7B9}
		{0AF6BC47-6412-4B26-A4BA-66A7EE7FCF18} = {1E05E5E5-75EB-4124-9E58-D3E8A5D8A7B9}
		{559DE18B-1191-4424-80F1-551594A71D7D} = {B3F31F6B-E051-416C-BFFE-BA4349C5CEE7}
		{FF061DA5-8E17-4467-8734-127FE4732D88} = {B3F31F6B-E051-416C-BFFE-BA4349C5CEE7}
		{F831D95D-02B9-4241-AB8E-6735C6B90BE2} = {B3F31F6B-E051-416C-BFFE-BA4349C5CEE7}
		{ADE8195D-3C87-4D4F-9F1A-803C050F7163} = {B3F31F6B-E051-416C-BFFE-BA4349C5CEE7}
		{32886A4B-B163-4000-B6A4-51EEBF9B0AB5} = {B38FF11B-4F5E-4634-9A0D-1F052AA99970}
		{6DFEC55C-16B5-4509-A594-912640C48E7F} = {B38FF11B-4F5E-4634-9A0D-1F052AA99970}
		{45683655-65C7-4CE1-85C6-436504E9875C} = {B38FF11B-4F5E-4634-9A0D-1F052AA99970}
		{120D982E-34C1-425F-A1AD-F77076892269} = {B38FF11B-4F5E-4634-9A0D-1F052AA99970}
		{A931FFED-6400-4571-A0B3-2AC94A8EFB90} = {B38FF11B-4F5E-4634-9A0D-1F052AA99970}
		{91E05B04-BC94-4245-B644-93A847689327} = {B38FF11B-4F5E-4634-9A0D-1F052AA99970}
		{CC789F47-9D8F-4FE3-B01F-F4936EB41B7D} = {CB7F206A-24E6-4F19-87F4-25C346311F37}
		{C0D509C1-7BF9-4169-BB9D-7073C10BA673} = {CB7F206A-24E6-4F19-87F4-25C346311F37}
		{800A3516-1DBA-43C5-9F5F-048FCA62ABF2} = {CB7F206A-24E6-4F19-87F4-25C346311F37}
		{D8EFC065-B28A-4522-BE44-0A781036282E} = {CB7F206A-24E6-4F19-87F4-25C346311F37}
		{A3247D32-5897-4D71-8E8C-C2471121CD88} = {CB7F206A-24E6-4F19-87F4-25C346311F37}
		{C2840A1D-A185-4835-A190-31AE1B50BA6E} = {CB7F206A-24E6-4F19-87F4-25C346311F37}
		{324DBB07-F509-4285-B664-306F4C14C464} = {CB7F206A-24E6-4F19-87F4-25C346311F37}
		{475A14D1-2D73-42E2-A3DC-C5D2D9AA8836} = {88164FF9-530B-444B-8C3F-78F8B4ECCE55}
		{0EC15E70-3EE7-4C4E-B058-8963428B6DBE} = {88164FF9-530B-444B-8C3F-78F8B4ECCE55}
		{9AE609C8-A0C8-49D5-8F73-BFC287E29729} = {88164FF9-530B-444B-8C3F-78F8B4ECCE55}
		{F9E03EEE-BB14-4070-AC7C-C1DE0ACB0A3F} = {88164FF9-530B-444B-8C3F-78F8B4ECCE55}
		{7F1F0ADD-452A-4453-BB57-B4C7DC69D421} = {88164FF9-530B-444B-8C3F-78F8B4ECCE55}
		{A71E7C61-BFC2-4EBE-B775-23ADBB3C28F4} = {88164FF9-530B-444B-8C3F-78F8B4ECCE55}
		{E43EAA1E-29DB-4EC1-A6F3-AA466E0F23C0} = {88164FF9-530B-444B-8C3F-78F8B4ECCE55}
		{E57A97CF-A791-43EB-89D0-17D648DE3232} = {88164FF9-530B-444B-8C3F-78F8B4ECCE55}
		{2D3C11A9-8758-4B02-A0C0-3E1D512D2FD7} = {2343ED3D-7A5F-4273-90B1-032070776FF3}
		{EE2C0967-EC9C-41FE-9F25-DFB7C4ECBE55} = {2343ED3D-7A5F-4273-90B1-032070776FF3}
		{EA0AB468-319C-4CA8-B77F-C05231D7BD1B} = {2343ED3D-7A5F-4273-90B1-032070776FF3}
		{CC967104-518F-47AF-8E3B-468BBC1EB911} = {2343ED3D-7A5F-4273-90B1-032070776FF3}
		{1B74954F-F10E-4799-ABF9-9870C584A44A} = {2343ED3D-7A5F-4273-90B1-032070776FF3}
		{38430D25-8A56-41C3-9800-BDFDD1F4A556} = {6AADD740-8996-4753-B94F-F705A864ACF8}
		{DCABFF92-5970-4AF7-AEFA-20FEC32CFCAB} = {6AADD740-8996-4753-B94F-F705A864ACF8}
		{12CB11BE-1194-4CC4-B556-37A996747066} = {6AADD740-8996-4753-B94F-F705A864ACF8}
		{B449C558-4859-40C9-9E1C-22F775861413} = {D55F6685-35E0-4A33-A45E-34077728BC92}
		{5072A485-6211-4449-85D4-1D2CF9122F30} = {D55F6685-35E0-4A33-A45E-34077728BC92}
		{80DE450A-07AB-442A-B7F2-30AF419FCC82} = {D55F6685-35E0-4A33-A45E-34077728BC92}
		{23A9000D-A691-4689-809C-5F0D3BD732A5} = {C34BCA9E-705A-49F7-9530-E3338C810EF9}
		{3683A540-5954-43FA-A692-FF35E0969070} = {C34BCA9E-705A-49F7-9530-E3338C810EF9}
		{DEED2950-76FB-4978-8280-CA561E0248E6} = {C34BCA9E-705A-49F7-9530-E3338C810EF9}
		{FA9C1BA6-2673-4A6C-B0E7-18AA19F02E27} = {C34BCA9E-705A-49F7-9530-E3338C810EF9}
		{69F846C4-B794-43EB-A67A-7E07FFC601BC} = {C34BCA9E-705A-49F7-9530-E3338C810EF9}
		{2AD69F7B-A3F5-45B9-B376-ED2F709232F4} = {551017EC-65AE-4C5E-8CD6-47B8507F27A9}
		{266B1ED4-B6C7-4CE4-878E-60BF2159DC43} = {861A9458-FAA2-4F99-9942-A0BFB36CCA1C}
		{C09F466A-02C3-41F2-BD6C-31E8A0EC8A56} = {A2F400D8-B452-4980-BCB8-3A42074E9CB0}
	EndGlobalSection
EndGlobal
